{
  "name": "fusable-body",
  "version": "0.0.1",
  "lockfileVersion": 2,
  "requires": true,
  "packages": {
    "": {
      "name": "fusable-body",
      "version": "0.0.1",
      "license": "MIT",
      "dependencies": {
        "dynamic-forest": "^1.0.0"
      }
    },
    "node_modules/binary-search-bounds": {
      "version": "1.0.0",
      "resolved": "https://registry.npmjs.org/binary-search-bounds/-/binary-search-bounds-1.0.0.tgz",
      "integrity": "sha512-12a9q1COxVtA+D3g7gb2S0KN0fZZuAaM54Z4ojxnlRXyAxWwrLAwnT+jbFFp01fC8O96zTmFxthQQlG1+pY30A=="
    },
    "node_modules/dynamic-forest": {
      "version": "1.0.0",
      "resolved": "https://registry.npmjs.org/dynamic-forest/-/dynamic-forest-1.0.0.tgz",
      "integrity": "sha512-19zGBbcvFkHYMfIqq68YZu1wFKw5SBjlKGrEWK4cOBovtLK6e0IhA2Aq54ZYd2XJ3Sa2xErIWtymZdV7rTW3+g==",
      "dependencies": {
        "binary-search-bounds": "^1.0.0"
      }
    }
  },
  "dependencies": {
    "binary-search-bounds": {
      "version": "1.0.0",
      "resolved": "https://registry.npmjs.org/binary-search-bounds/-/binary-search-bounds-1.0.0.tgz",
      "integrity": "sha512-12a9q1COxVtA+D3g7gb2S0KN0fZZuAaM54Z4ojxnlRXyAxWwrLAwnT+jbFFp01fC8O96zTmFxthQQlG1+pY30A=="
    },
    "dynamic-forest": {
      "version": "1.0.0",
      "resolved": "https://registry.npmjs.org/dynamic-forest/-/dynamic-forest-1.0.0.tgz",
      "integrity": "sha512-19zGBbcvFkHYMfIqq68YZu1wFKw5SBjlKGrEWK4cOBovtLK6e0IhA2Aq54ZYd2XJ3Sa2xErIWtymZdV7rTW3+g==",
      "requires": {
        "binary-search-bounds": "^1.0.0"
      }
    }
  }
}
